// !$*UTF8*$!
{
	archiveVersion = 1;
	classes = {
	};
	objectVersion = 77;
	objects = {

/* Begin PBXBuildFile section */
		1B784629BCD52AE3C83333CE /* MultiverseApp.swift in Sources */ = {isa = PBXBuildFile; fileRef = E44C92AFCFE64CD773707EF8 /* MultiverseApp.swift */; };
		267BC68D43A11C59F00068F9 /* RootView.swift in Sources */ = {isa = PBXBuildFile; fileRef = B83AEE7B6BD87BBBEB0B8478 /* RootView.swift */; };
		C3352E99394E59B7C62E62D8 /* SharedFramework.swift in Sources */ = {isa = PBXBuildFile; fileRef = 3979CE5C2A0FEA2778157D0E /* SharedFramework.swift */; };
/* End PBXBuildFile section */

/* Begin PBXContainerItemProxy section */
		7B379DE838A0EFCC9A8629CA /* PBXContainerItemProxy */ = {
			isa = PBXContainerItemProxy;
			containerPortal = C23A9C01C3806882E2DC10DB /* Project object */;
			proxyType = 1;
			remoteGlobalIDString = 79231E8477E25379267FBDAC;
			remoteInfo = MultiverseExplorer;
		};
/* End PBXContainerItemProxy section */

/* Begin PBXFileReference section */
		0654B4D228F19F8CCCD54CD8 /* Version.xcconfig */ = {isa = PBXFileReference; lastKnownFileType = text.xcconfig; path = Version.xcconfig; sourceTree = "<group>"; };
		3979CE5C2A0FEA2778157D0E /* SharedFramework.swift */ = {isa = PBXFileReference; lastKnownFileType = sourcecode.swift; path = SharedFramework.swift; sourceTree = "<group>"; };
		7AEB402259234D6DC93CA08F /* Info.plist */ = {isa = PBXFileReference; lastKnownFileType = text.plist; path = Info.plist; sourceTree = "<group>"; };
		9739581C43EEFA27FB213EC3 /* MultiverseExplorer.app */ = {isa = PBXFileReference; includeInIndex = 0; lastKnownFileType = wrapper.application; path = MultiverseExplorer.app; sourceTree = BUILT_PRODUCTS_DIR; };
		B83AEE7B6BD87BBBEB0B8478 /* RootView.swift */ = {isa = PBXFileReference; lastKnownFileType = sourcecode.swift; path = RootView.swift; sourceTree = "<group>"; };
		E44C92AFCFE64CD773707EF8 /* MultiverseApp.swift */ = {isa = PBXFileReference; lastKnownFileType = sourcecode.swift; path = MultiverseApp.swift; sourceTree = "<group>"; };
		EF8255D2D200EB6B0A11CBA2 /* MultiverseExplorerTests.xctest */ = {isa = PBXFileReference; includeInIndex = 0; lastKnownFileType = wrapper.cfbundle; path = MultiverseExplorerTests.xctest; sourceTree = BUILT_PRODUCTS_DIR; };
/* End PBXFileReference section */

/* Begin PBXGroup section */
		26055A90E2A7DAB028DDBF95 = {
			isa = PBXGroup;
			children = (
				3F611A42BC2099E751C58561 /* App */,
				39B1EAE7FFCD651F750AAECC /* DesignSystem */,
				3E297FDC5E379D61FD7A9746 /* Features */,
				726559611B824AB4EAE11FA9 /* Tests */,
				867C569BBF7C2E839F40C996 /* Products */,
			);
			sourceTree = "<group>";
		};
		39B1EAE7FFCD651F750AAECC /* DesignSystem */ = {
			isa = PBXGroup;
			children = (
			);
			path = DesignSystem;
			sourceTree = "<group>";
		};
		3E297FDC5E379D61FD7A9746 /* Features */ = {
			isa = PBXGroup;
			children = (
			);
			path = Features;
			sourceTree = "<group>";
		};
		3F611A42BC2099E751C58561 /* App */ = {
			isa = PBXGroup;
			children = (
				7AEB402259234D6DC93CA08F /* Info.plist */,
				E44C92AFCFE64CD773707EF8 /* MultiverseApp.swift */,
				B83AEE7B6BD87BBBEB0B8478 /* RootView.swift */,
				3979CE5C2A0FEA2778157D0E /* SharedFramework.swift */,
				0654B4D228F19F8CCCD54CD8 /* Version.xcconfig */,
			);
			path = App;
			sourceTree = "<group>";
		};
		726559611B824AB4EAE11FA9 /* Tests */ = {
			isa = PBXGroup;
			children = (
			);
			path = Tests;
			sourceTree = "<group>";
		};
		867C569BBF7C2E839F40C996 /* Products */ = {
			isa = PBXGroup;
			children = (
				9739581C43EEFA27FB213EC3 /* MultiverseExplorer.app */,
				EF8255D2D200EB6B0A11CBA2 /* MultiverseExplorerTests.xctest */,
			);
			name = Products;
			sourceTree = "<group>";
		};
/* End PBXGroup section */

/* Begin PBXNativeTarget section */
		71CB7DADD781DC09EC91CE30 /* MultiverseExplorerTests */ = {
			isa = PBXNativeTarget;
			buildConfigurationList = AE9F769AF8246AE7865DEC86 /* Build configuration list for PBXNativeTarget "MultiverseExplorerTests" */;
			buildPhases = (
				ACF0DC25CD2899636D71E314 /* Sources */,
			);
			buildRules = (
			);
			dependencies = (
				E0D292075AA20F3C2909737D /* PBXTargetDependency */,
			);
			name = MultiverseExplorerTests;
			packageProductDependencies = (
			);
			productName = MultiverseExplorerTests;
			productReference = EF8255D2D200EB6B0A11CBA2 /* MultiverseExplorerTests.xctest */;
			productType = "com.apple.product-type.bundle.unit-test";
		};
		79231E8477E25379267FBDAC /* MultiverseExplorer */ = {
			isa = PBXNativeTarget;
			buildConfigurationList = 5C15F6008B7C79052AA7FCF8 /* Build configuration list for PBXNativeTarget "MultiverseExplorer" */;
			buildPhases = (
				21D52DE63CD5933EB9F41FDB /* Build the shared Kotlin framework */,
				038FC193306884572EBC0A46 /* Sources */,
			);
			buildRules = (
			);
			dependencies = (
			);
			name = MultiverseExplorer;
			packageProductDependencies = (
			);
			productName = MultiverseExplorer;
			productReference = 9739581C43EEFA27FB213EC3 /* MultiverseExplorer.app */;
			productType = "com.apple.product-type.application";
		};
/* End PBXNativeTarget section */

/* Begin PBXProject section */
		C23A9C01C3806882E2DC10DB /* Project object */ = {
			isa = PBXProject;
			attributes = {
				BuildIndependentTargetsInParallel = YES;
				LastUpgradeCheck = 1430;
				TargetAttributes = {
				};
			};
			buildConfigurationList = 39BCED9A14C20A944568BF21 /* Build configuration list for PBXProject "MultiverseExplorer" */;
			developmentRegion = en;
			hasScannedForEncodings = 0;
			knownRegions = (
				Base,
				en,
			);
			mainGroup = 26055A90E2A7DAB028DDBF95;
			minimizedProjectReferenceProxies = 1;
			preferredProjectObjectVersion = 77;
			productRefGroup = 867C569BBF7C2E839F40C996 /* Products */;
			projectDirPath = "";
			projectRoot = "";
			targets = (
				79231E8477E25379267FBDAC /* MultiverseExplorer */,
				71CB7DADD781DC09EC91CE30 /* MultiverseExplorerTests */,
			);
		};
/* End PBXProject section */

/* Begin PBXShellScriptBuildPhase section */
		21D52DE63CD5933EB9F41FDB /* Build the shared Kotlin framework */ = {
			isa = PBXShellScriptBuildPhase;
			alwaysOutOfDate = 1;
			buildActionMask = 2147483647;
			files = (
			);
			inputFileListPaths = (
			);
			inputPaths = (
			);
			name = "Build the shared Kotlin framework";
			outputFileListPaths = (
			);
			outputPaths = (
			);
			runOnlyForDeploymentPostprocessing = 0;
			shellPath = /bin/sh;
			shellScript = "cd \"$SRCROOT/..\"\n./gradlew :core:ios:linkDebugFrameworkIosSimulatorArm64\n";
		};
/* End PBXShellScriptBuildPhase section */

/* Begin PBXSourcesBuildPhase section */
		038FC193306884572EBC0A46 /* Sources */ = {
			isa = PBXSourcesBuildPhase;
			buildActionMask = 2147483647;
			files = (
				1B784629BCD52AE3C83333CE /* MultiverseApp.swift in Sources */,
				267BC68D43A11C59F00068F9 /* RootView.swift in Sources */,
				C3352E99394E59B7C62E62D8 /* SharedFramework.swift in Sources */,
			);
			runOnlyForDeploymentPostprocessing = 0;
		};
		ACF0DC25CD2899636D71E314 /* Sources */ = {
			isa = PBXSourcesBuildPhase;
			buildActionMask = 2147483647;
			files = (
			);
			runOnlyForDeploymentPostprocessing = 0;
		};
/* End PBXSourcesBuildPhase section */

/* Begin PBXTargetDependency section */
		E0D292075AA20F3C2909737D /* PBXTargetDependency */ = {
			isa = PBXTargetDependency;
			target = 79231E8477E25379267FBDAC /* MultiverseExplorer */;
			targetProxy = 7B379DE838A0EFCC9A8629CA /* PBXContainerItemProxy */;
		};
/* End PBXTargetDependency section */

/* Begin XCBuildConfiguration section */
		27CD6C68523F58789978AAD8 /* Debug */ = {
			isa = XCBuildConfiguration;
			baseConfigurationReference = 0654B4D228F19F8CCCD54CD8 /* Version.xcconfig */;
			buildSettings = {
				ALWAYS_SEARCH_USER_PATHS = NO;
				CLANG_ANALYZER_NONNULL = YES;
				CLANG_ANALYZER_NUMBER_OBJECT_CONVERSION = YES_AGGRESSIVE;
				CLANG_CXX_LANGUAGE_STANDARD = "gnu++14";
				CLANG_CXX_LIBRARY = "libc++";
				CLANG_ENABLE_MODULES = YES;
				CLANG_ENABLE_OBJC_ARC = YES;
				CLANG_ENABLE_OBJC_WEAK = YES;
				CLANG_WARN_BLOCK_CAPTURE_AUTORELEASING = YES;
				CLANG_WARN_BOOL_CONVERSION = YES;
				CLANG_WARN_COMMA = YES;
				CLANG_WARN_CONSTANT_CONVERSION = YES;
				CLANG_WARN_DEPRECATED_OBJC_IMPLEMENTATIONS = YES;
				CLANG_WARN_DIRECT_OBJC_ISA_USAGE = YES_ERROR;
				CLANG_WARN_DOCUMENTATION_COMMENTS = YES;
				CLANG_WARN_EMPTY_BODY = YES;
				CLANG_WARN_ENUM_CONVERSION = YES;
				CLANG_WARN_INFINITE_RECURSION = YES;
				CLANG_WARN_INT_CONVERSION = YES;
				CLANG_WARN_NON_LITERAL_NULL_CONVERSION = YES;
				CLANG_WARN_OBJC_IMPLICIT_RETAIN_SELF = YES;
				CLANG_WARN_OBJC_LITERAL_CONVERSION = YES;
				CLANG_WARN_OBJC_ROOT_CLASS = YES_ERROR;
				CLANG_WARN_QUOTED_INCLUDE_IN_FRAMEWORK_HEADER = YES;
				CLANG_WARN_RANGE_LOOP_ANALYSIS = YES;
				CLANG_WARN_STRICT_PROTOTYPES = YES;
				CLANG_WARN_SUSPICIOUS_MOVE = YES;
				CLANG_WARN_UNGUARDED_AVAILABILITY = YES_AGGRESSIVE;
				CLANG_WARN_UNREACHABLE_CODE = YES;
				CLANG_WARN__DUPLICATE_METHOD_MATCH = YES;
				COPY_PHASE_STRIP = NO;
				DEBUG_INFORMATION_FORMAT = dwarf;
				ENABLE_STRICT_OBJC_MSGSEND = YES;
				ENABLE_TESTABILITY = YES;
				ENABLE_USER_SCRIPT_SANDBOXING = NO;
				GCC_C_LANGUAGE_STANDARD = gnu11;
				GCC_DYNAMIC_NO_PIC = NO;
				GCC_NO_COMMON_BLOCKS = YES;
				GCC_OPTIMIZATION_LEVEL = 0;
				GCC_PREPROCESSOR_DEFINITIONS = (
					"$(inherited)",
					"DEBUG=1",
				);
				GCC_WARN_64_TO_32_BIT_CONVERSION = YES;
				GCC_WARN_ABOUT_RETURN_TYPE = YES_ERROR;
				GCC_WARN_UNDECLARED_SELECTOR = YES;
				GCC_WARN_UNINITIALIZED_AUTOS = YES_AGGRESSIVE;
				GCC_WARN_UNUSED_FUNCTION = YES;
				GCC_WARN_UNUSED_VARIABLE = YES;
				IPHONEOS_DEPLOYMENT_TARGET = 18.0;
				MTL_ENABLE_DEBUG_INFO = INCLUDE_SOURCE;
				MTL_FAST_MATH = YES;
				ONLY_ACTIVE_ARCH = YES;
				PRODUCT_NAME = "$(TARGET_NAME)";
				SDKROOT = iphoneos;
				SWIFT_ACTIVE_COMPILATION_CONDITIONS = DEBUG;
				SWIFT_OPTIMIZATION_LEVEL = "-Onone";
				SWIFT_VERSION = 6.0;
			};
			name = Debug;
		};
		362E3364B59628ABD3E4CFB7 /* Release */ = {
			isa = XCBuildConfiguration;
			baseConfigurationReference = 0654B4D228F19F8CCCD54CD8 /* Version.xcconfig */;
			buildSettings = {
				ALWAYS_SEARCH_USER_PATHS = NO;
				CLANG_ANALYZER_NONNULL = YES;
				CLANG_ANALYZER_NUMBER_OBJECT_CONVERSION = YES_AGGRESSIVE;
				CLANG_CXX_LANGUAGE_STANDARD = "gnu++14";
				CLANG_CXX_LIBRARY = "libc++";
				CLANG_ENABLE_MODULES = YES;
				CLANG_ENABLE_OBJC_ARC = YES;
				CLANG_ENABLE_OBJC_WEAK = YES;
				CLANG_WARN_BLOCK_CAPTURE_AUTORELEASING = YES;
				CLANG_WARN_BOOL_CONVERSION = YES;
				CLANG_WARN_COMMA = YES;
				CLANG_WARN_CONSTANT_CONVERSION = YES;
				CLANG_WARN_DEPRECATED_OBJC_IMPLEMENTATIONS = YES;
				CLANG_WARN_DIRECT_OBJC_ISA_USAGE = YES_ERROR;
				CLANG_WARN_DOCUMENTATION_COMMENTS = YES;
				CLANG_WARN_EMPTY_BODY = YES;
				CLANG_WARN_ENUM_CONVERSION = YES;
				CLANG_WARN_INFINITE_RECURSION = YES;
				CLANG_WARN_INT_CONVERSION = YES;
				CLANG_WARN_NON_LITERAL_NULL_CONVERSION = YES;
				CLANG_WARN_OBJC_IMPLICIT_RETAIN_SELF = YES;
				CLANG_WARN_OBJC_LITERAL_CONVERSION = YES;
				CLANG_WARN_OBJC_ROOT_CLASS = YES_ERROR;
				CLANG_WARN_QUOTED_INCLUDE_IN_FRAMEWORK_HEADER = YES;
				CLANG_WARN_RANGE_LOOP_ANALYSIS = YES;
				CLANG_WARN_STRICT_PROTOTYPES = YES;
				CLANG_WARN_SUSPICIOUS_MOVE = YES;
				CLANG_WARN_UNGUARDED_AVAILABILITY = YES_AGGRESSIVE;
				CLANG_WARN_UNREACHABLE_CODE = YES;
				CLANG_WARN__DUPLICATE_METHOD_MATCH = YES;
				COPY_PHASE_STRIP = NO;
				DEBUG_INFORMATION_FORMAT = "dwarf-with-dsym";
				ENABLE_NS_ASSERTIONS = NO;
				ENABLE_STRICT_OBJC_MSGSEND = YES;
				ENABLE_USER_SCRIPT_SANDBOXING = NO;
				GCC_C_LANGUAGE_STANDARD = gnu11;
				GCC_NO_COMMON_BLOCKS = YES;
				GCC_WARN_64_TO_32_BIT_CONVERSION = YES;
				GCC_WARN_ABOUT_RETURN_TYPE = YES_ERROR;
				GCC_WARN_UNDECLARED_SELECTOR = YES;
				GCC_WARN_UNINITIALIZED_AUTOS = YES_AGGRESSIVE;
				GCC_WARN_UNUSED_FUNCTION = YES;
				GCC_WARN_UNUSED_VARIABLE = YES;
				IPHONEOS_DEPLOYMENT_TARGET = 18.0;
				MTL_ENABLE_DEBUG_INFO = NO;
				MTL_FAST_MATH = YES;
				PRODUCT_NAME = "$(TARGET_NAME)";
				SDKROOT = iphoneos;
				SWIFT_COMPILATION_MODE = wholemodule;
				SWIFT_OPTIMIZATION_LEVEL = "-O";
				SWIFT_VERSION = 6.0;
			};
			name = Release;
		};
		5781865F6F7226D00DE518FA /* Debug */ = {
			isa = XCBuildConfiguration;
			buildSettings = {
				BUNDLE_LOADER = "$(TEST_HOST)";
				LD_RUNPATH_SEARCH_PATHS = (
					"$(inherited)",
					"@executable_path/Frameworks",
					"@loader_path/Frameworks",
				);
				PRODUCT_BUNDLE_IDENTIFIER = io.github.davidru85.multiverse.MultiverseExplorerTests;
				SDKROOT = iphoneos;
				TARGETED_DEVICE_FAMILY = "1,2";
				TEST_HOST = "$(BUILT_PRODUCTS_DIR)/MultiverseExplorer.app/MultiverseExplorer";
			};
			name = Debug;
		};
		5E8085AB3D7DD1693A245580 /* Debug */ = {
			isa = XCBuildConfiguration;
			buildSettings = {
				ASSETCATALOG_COMPILER_APPICON_NAME = AppIcon;
				CODE_SIGN_IDENTITY = "iPhone Developer";
				CURRENT_PROJECT_VERSION = 1;
				FRAMEWORK_SEARCH_PATHS = (
					"$(inherited)",
					"$(SRCROOT)/../core/ios/build/bin/iosSimulatorArm64/debugFramework",
				);
				INFOPLIST_FILE = App/Info.plist;
				LD_RUNPATH_SEARCH_PATHS = (
					"$(inherited)",
					"@executable_path/Frameworks",
				);
				MARKETING_VERSION = "$(MULTIVERSE_VERSION)";
				OTHER_LDFLAGS = (
					"$(inherited)",
					"-framework",
					MultiverseExplorer,
				);
				PRODUCT_BUNDLE_IDENTIFIER = io.github.davidru85.multiverse.app;
				PRODUCT_MODULE_NAME = MultiverseApp;
				SDKROOT = iphoneos;
				SWIFT_EMIT_LOC_STRINGS = YES;
				TARGETED_DEVICE_FAMILY = "1,2";
			};
			name = Debug;
		};
		A5592085F455D64C70730788 /* Release */ = {
			isa = XCBuildConfiguration;
			buildSettings = {
				ASSETCATALOG_COMPILER_APPICON_NAME = AppIcon;
				CODE_SIGN_IDENTITY = "iPhone Developer";
				CURRENT_PROJECT_VERSION = 1;
				FRAMEWORK_SEARCH_PATHS = (
					"$(inherited)",
					"$(SRCROOT)/../core/ios/build/bin/iosSimulatorArm64/debugFramework",
				);
				INFOPLIST_FILE = App/Info.plist;
				LD_RUNPATH_SEARCH_PATHS = (
					"$(inherited)",
					"@executable_path/Frameworks",
				);
				MARKETING_VERSION = "$(MULTIVERSE_VERSION)";
				OTHER_LDFLAGS = (
					"$(inherited)",
					"-framework",
					MultiverseExplorer,
				);
				PRODUCT_BUNDLE_IDENTIFIER = io.github.davidru85.multiverse.app;
				PRODUCT_MODULE_NAME = MultiverseApp;
				SDKROOT = iphoneos;
				SWIFT_EMIT_LOC_STRINGS = YES;
				TARGETED_DEVICE_FAMILY = "1,2";
			};
			name = Release;
		};
		F2133EEBD2BB95E67223319D /* Release */ = {
			isa = XCBuildConfiguration;
			buildSettings = {
				BUNDLE_LOADER = "$(TEST_HOST)";
				LD_RUNPATH_SEARCH_PATHS = (
					"$(inherited)",
					"@executable_path/Frameworks",
					"@loader_path/Frameworks",
				);
				PRODUCT_BUNDLE_IDENTIFIER = io.github.davidru85.multiverse.MultiverseExplorerTests;
				SDKROOT = iphoneos;
				TARGETED_DEVICE_FAMILY = "1,2";
				TEST_HOST = "$(BUILT_PRODUCTS_DIR)/MultiverseExplorer.app/MultiverseExplorer";
			};
			name = Release;
		};
/* End XCBuildConfiguration section */

/* Begin XCConfigurationList section */
		39BCED9A14C20A944568BF21 /* Build configuration list for PBXProject "MultiverseExplorer" */ = {
			isa = XCConfigurationList;
			buildConfigurations = (
				27CD6C68523F58789978AAD8 /* Debug */,
				362E3364B59628ABD3E4CFB7 /* Release */,
			);
			defaultConfigurationIsVisible = 0;
			defaultConfigurationName = Debug;
		};
		5C15F6008B7C79052AA7FCF8 /* Build configuration list for PBXNativeTarget "MultiverseExplorer" */ = {
			isa = XCConfigurationList;
			buildConfigurations = (
				5E8085AB3D7DD1693A245580 /* Debug */,
				A5592085F455D64C70730788 /* Release */,
			);
			defaultConfigurationIsVisible = 0;
			defaultConfigurationName = Debug;
		};
		AE9F769AF8246AE7865DEC86 /* Build configuration list for PBXNativeTarget "MultiverseExplorerTests" */ = {
			isa = XCConfigurationList;
			buildConfigurations = (
				5781865F6F7226D00DE518FA /* Debug */,
				F2133EEBD2BB95E67223319D /* Release */,
			);
			defaultConfigurationIsVisible = 0;
			defaultConfigurationName = Debug;
		};
/* End XCConfigurationList section */
	};
	rootObject = C23A9C01C3806882E2DC10DB /* Project object */;
}
